
Microsoft Visual Studio Solution File, Format Version 12.00
Project("{FAE04EC0-301F-11D3-BF4B-00C04F79EFBC}") = "Kata", "Kata\Kata.csproj", "{57CED681-1538-46E7-8701-075AB09ACAD1}"
EndProject
Project("{FAE04EC0-301F-11D3-BF4B-00C04F79EFBC}") = "Kata.Test", "Kata.Test\Kata.Test.csproj", "{35AF016C-94CA-4236-A65D-911A5F593FE2}"
EndProject
Global
	GlobalSection(SolutionConfigurationPlatforms) = preSolution
		Debug|Any CPU = Debug|Any CPU
		Release|Any CPU = Release|Any CPU
	EndGlobalSection
	GlobalSection(ProjectConfigurationPlatforms) = postSolution
		{57CED681-1538-46E7-8701-075AB09ACAD1}.Debug|Any CPU.ActiveCfg = Debug|Any CPU
		{57CED681-1538-46E7-8701-075AB09ACAD1}.Debug|Any CPU.Build.0 = Debug|Any CPU
		{57CED681-1538-46E7-8701-075AB09ACAD1}.Release|Any CPU.ActiveCfg = Release|Any CPU
		{57CED681-1538-46E7-8701-075AB09ACAD1}.Release|Any CPU.Build.0 = Release|Any CPU
		{35AF016C-94CA-4236-A65D-911A5F593FE2}.Debug|Any CPU.ActiveCfg = Debug|Any CPU
		{35AF016C-94CA-4236-A65D-911A5F593FE2}.Debug|Any CPU.Build.0 = Debug|Any CPU
		{35AF016C-94CA-4236-A65D-911A5F593FE2}.Release|Any CPU.ActiveCfg = Release|Any CPU
		{35AF016C-94CA-4236-A65D-911A5F593FE2}.Release|Any CPU.Build.0 = Release|Any CPU
	EndGlobalSection
EndGlobal
